// !$*UTF8*$!
{
	archiveVersion = 1;
	classes = {
	};
	objectVersion = 56;
	objects = {

/* Begin PBXBuildFile section */
		13131EB72B7086FD001D5A24 /* Constants.swift in Sources */ = {isa = PBXBuildFile; fileRef = 13131EB62B7086FC001D5A24 /* Constants.swift */; };
		13131EB92B708712001D5A24 /* Extension+String.swift in Sources */ = {isa = PBXBuildFile; fileRef = 13131EB82B708712001D5A24 /* Extension+String.swift */; };
		13131EBB2B708724001D5A24 /* Extension+UITableView.swift in Sources */ = {isa = PBXBuildFile; fileRef = 13131EBA2B708724001D5A24 /* Extension+UITableView.swift */; };
		13131EBD2B70877B001D5A24 /* APIService.swift in Sources */ = {isa = PBXBuildFile; fileRef = 13131EBC2B70877B001D5A24 /* APIService.swift */; };
		13131EBF2B7087BF001D5A24 /* Endpoint.swift in Sources */ = {isa = PBXBuildFile; fileRef = 13131EBE2B7087BF001D5A24 /* Endpoint.swift */; };
		13131EC22B708829001D5A24 /* ModuleConfigurator.swift in Sources */ = {isa = PBXBuildFile; fileRef = 13131EC12B708829001D5A24 /* ModuleConfigurator.swift */; };
		13131ECC2B70D067001D5A24 /* CategoriesViewController.swift in Sources */ = {isa = PBXBuildFile; fileRef = 13131ECA2B70D067001D5A24 /* CategoriesViewController.swift */; };
		13131ECD2B70D067001D5A24 /* CategoriesViewController.xib in Resources */ = {isa = PBXBuildFile; fileRef = 13131ECB2B70D067001D5A24 /* CategoriesViewController.xib */; };
		13131ECF2B70D08B001D5A24 /* CategoriesPresenter.swift in Sources */ = {isa = PBXBuildFile; fileRef = 13131ECE2B70D08B001D5A24 /* CategoriesPresenter.swift */; };
		13131ED12B70D09B001D5A24 /* CategoriesInteractor.swift in Sources */ = {isa = PBXBuildFile; fileRef = 13131ED02B70D09B001D5A24 /* CategoriesInteractor.swift */; };
		13131ED32B732C27001D5A24 /* CategoriesRouter.swift in Sources */ = {isa = PBXBuildFile; fileRef = 13131ED22B732C27001D5A24 /* CategoriesRouter.swift */; };
		13131EE52B736DB6001D5A24 /* NewsSourceViewController.swift in Sources */ = {isa = PBXBuildFile; fileRef = 13131EE32B736DB6001D5A24 /* NewsSourceViewController.swift */; };
		13131EE62B736DB6001D5A24 /* NewsSourceViewController.xib in Resources */ = {isa = PBXBuildFile; fileRef = 13131EE42B736DB6001D5A24 /* NewsSourceViewController.xib */; };
		13131EEA2B736E14001D5A24 /* NewsArticlesViewController.swift in Sources */ = {isa = PBXBuildFile; fileRef = 13131EE82B736E14001D5A24 /* NewsArticlesViewController.swift */; };
		13131EEB2B736E14001D5A24 /* NewsArticlesViewController.xib in Resources */ = {isa = PBXBuildFile; fileRef = 13131EE92B736E14001D5A24 /* NewsArticlesViewController.xib */; };
		13131EEE2B736E2B001D5A24 /* ArticleDetailViewController.swift in Sources */ = {isa = PBXBuildFile; fileRef = 13131EEC2B736E2B001D5A24 /* ArticleDetailViewController.swift */; };
		13131EEF2B736E2B001D5A24 /* ArticleDetailViewController.xib in Resources */ = {isa = PBXBuildFile; fileRef = 13131EED2B736E2B001D5A24 /* ArticleDetailViewController.xib */; };
		13131EF12B736EB9001D5A24 /* NewsSourcePresenter.swift in Sources */ = {isa = PBXBuildFile; fileRef = 13131EF02B736EB9001D5A24 /* NewsSourcePresenter.swift */; };
		13131EF32B736EC9001D5A24 /* NewsSourceInteractor.swift in Sources */ = {isa = PBXBuildFile; fileRef = 13131EF22B736EC9001D5A24 /* NewsSourceInteractor.swift */; };
		13131EF52B736ED1001D5A24 /* NewsSourceRouter.swift in Sources */ = {isa = PBXBuildFile; fileRef = 13131EF42B736ED1001D5A24 /* NewsSourceRouter.swift */; };
		13131EF72B736EE3001D5A24 /* NewsArticlesPresenter.swift in Sources */ = {isa = PBXBuildFile; fileRef = 13131EF62B736EE3001D5A24 /* NewsArticlesPresenter.swift */; };
		13131EF92B736EF1001D5A24 /* NewsArticlesInteractor.swift in Sources */ = {isa = PBXBuildFile; fileRef = 13131EF82B736EF1001D5A24 /* NewsArticlesInteractor.swift */; };
		13131EFB2B736EF8001D5A24 /* NewsArticlesRouter.swift in Sources */ = {isa = PBXBuildFile; fileRef = 13131EFA2B736EF8001D5A24 /* NewsArticlesRouter.swift */; };
		13131EFD2B736F0D001D5A24 /* ArticleDetailPresenter.swift in Sources */ = {isa = PBXBuildFile; fileRef = 13131EFC2B736F0D001D5A24 /* ArticleDetailPresenter.swift */; };
		13131EFF2B736F18001D5A24 /* ArticleDetailInteractor.swift in Sources */ = {isa = PBXBuildFile; fileRef = 13131EFE2B736F18001D5A24 /* ArticleDetailInteractor.swift */; };
		13131F012B736F20001D5A24 /* ArticleDetailRouter.swift in Sources */ = {isa = PBXBuildFile; fileRef = 13131F002B736F20001D5A24 /* ArticleDetailRouter.swift */; };
		13131F032B738A79001D5A24 /* CustomBottomSheetView.swift in Sources */ = {isa = PBXBuildFile; fileRef = 13131F022B738A79001D5A24 /* CustomBottomSheetView.swift */; };
		13131F052B738C89001D5A24 /* CategoriesEnum.swift in Sources */ = {isa = PBXBuildFile; fileRef = 13131F042B738C89001D5A24 /* CategoriesEnum.swift */; };
		13131F092B738E99001D5A24 /* CategoriesTableViewCell.swift in Sources */ = {isa = PBXBuildFile; fileRef = 13131F072B738E99001D5A24 /* CategoriesTableViewCell.swift */; };
		13131F0A2B738E99001D5A24 /* CategoriesTableViewCell.xib in Resources */ = {isa = PBXBuildFile; fileRef = 13131F082B738E99001D5A24 /* CategoriesTableViewCell.xib */; };
		13131F0C2B73B94C001D5A24 /* NewsSourcesModel.swift in Sources */ = {isa = PBXBuildFile; fileRef = 13131F0B2B73B94C001D5A24 /* NewsSourcesModel.swift */; };
		13131F0E2B73B9B5001D5A24 /* NewsArticlesModel.swift in Sources */ = {isa = PBXBuildFile; fileRef = 13131F0D2B73B9B5001D5A24 /* NewsArticlesModel.swift */; };
		13131F102B73C71D001D5A24 /* CustomAlert.swift in Sources */ = {isa = PBXBuildFile; fileRef = 13131F0F2B73C71D001D5A24 /* CustomAlert.swift */; };
		13131F142B73D4F5001D5A24 /* NewSourceTableViewCell.swift in Sources */ = {isa = PBXBuildFile; fileRef = 13131F122B73D4F5001D5A24 /* NewSourceTableViewCell.swift */; };
		13131F152B73D4F5001D5A24 /* NewSourceTableViewCell.xib in Resources */ = {isa = PBXBuildFile; fileRef = 13131F132B73D4F5001D5A24 /* NewSourceTableViewCell.xib */; };
		13131F192B73D616001D5A24 /* NewsArticleTableViewCell.swift in Sources */ = {isa = PBXBuildFile; fileRef = 13131F172B73D616001D5A24 /* NewsArticleTableViewCell.swift */; };
		13131F1A2B73D616001D5A24 /* NewsArticleTableViewCell.xib in Resources */ = {isa = PBXBuildFile; fileRef = 13131F182B73D616001D5A24 /* NewsArticleTableViewCell.xib */; };
		13B9DE462B7084E7003A3201 /* AppDelegate.swift in Sources */ = {isa = PBXBuildFile; fileRef = 13B9DE452B7084E7003A3201 /* AppDelegate.swift */; };
		13B9DE482B7084E7003A3201 /* SceneDelegate.swift in Sources */ = {isa = PBXBuildFile; fileRef = 13B9DE472B7084E7003A3201 /* SceneDelegate.swift */; };
		13B9DE4A2B7084E7003A3201 /* DefaultController.swift in Sources */ = {isa = PBXBuildFile; fileRef = 13B9DE492B7084E7003A3201 /* DefaultController.swift */; };
		13B9DE4D2B7084E7003A3201 /* Main.storyboard in Resources */ = {isa = PBXBuildFile; fileRef = 13B9DE4B2B7084E7003A3201 /* Main.storyboard */; };
		13B9DE4F2B7084E8003A3201 /* Assets.xcassets in Resources */ = {isa = PBXBuildFile; fileRef = 13B9DE4E2B7084E8003A3201 /* Assets.xcassets */; };
		13B9DE522B7084E8003A3201 /* LaunchScreen.storyboard in Resources */ = {isa = PBXBuildFile; fileRef = 13B9DE502B7084E8003A3201 /* LaunchScreen.storyboard */; };
		FFD3B5FEAEBC2013CA4B81C2 /* Pods_NewsApp.framework in Frameworks */ = {isa = PBXBuildFile; fileRef = 54DF6A7309717BFE2B3DCA76 /* Pods_NewsApp.framework */; };
/* End PBXBuildFile section */

/* Begin PBXFileReference section */
		13131EB62B7086FC001D5A24 /* Constants.swift */ = {isa = PBXFileReference; lastKnownFileType = sourcecode.swift; path = Constants.swift; sourceTree = "<group>"; };
		13131EB82B708712001D5A24 /* Extension+String.swift */ = {isa = PBXFileReference; lastKnownFileType = sourcecode.swift; path = "Extension+String.swift"; sourceTree = "<group>"; };
		13131EBA2B708724001D5A24 /* Extension+UITableView.swift */ = {isa = PBXFileReference; lastKnownFileType = sourcecode.swift; path = "Extension+UITableView.swift"; sourceTree = "<group>"; };
		13131EBC2B70877B001D5A24 /* APIService.swift */ = {isa = PBXFileReference; lastKnownFileType = sourcecode.swift; path = APIService.swift; sourceTree = "<group>"; };
		13131EBE2B7087BF001D5A24 /* Endpoint.swift */ = {isa = PBXFileReference; lastKnownFileType = sourcecode.swift; path = Endpoint.swift; sourceTree = "<group>"; };
		13131EC12B708829001D5A24 /* ModuleConfigurator.swift */ = {isa = PBXFileReference; lastKnownFileType = sourcecode.swift; path = ModuleConfigurator.swift; sourceTree = "<group>"; };
		13131ECA2B70D067001D5A24 /* CategoriesViewController.swift */ = {isa = PBXFileReference; lastKnownFileType = sourcecode.swift; path = CategoriesViewController.swift; sourceTree = "<group>"; };
		13131ECB2B70D067001D5A24 /* CategoriesViewController.xib */ = {isa = PBXFileReference; lastKnownFileType = file.xib; path = CategoriesViewController.xib; sourceTree = "<group>"; };
		13131ECE2B70D08B001D5A24 /* CategoriesPresenter.swift */ = {isa = PBXFileReference; lastKnownFileType = sourcecode.swift; path = CategoriesPresenter.swift; sourceTree = "<group>"; };
		13131ED02B70D09B001D5A24 /* CategoriesInteractor.swift */ = {isa = PBXFileReference; lastKnownFileType = sourcecode.swift; path = CategoriesInteractor.swift; sourceTree = "<group>"; };
		13131ED22B732C27001D5A24 /* CategoriesRouter.swift */ = {isa = PBXFileReference; lastKnownFileType = sourcecode.swift; path = CategoriesRouter.swift; sourceTree = "<group>"; };
		13131EE32B736DB6001D5A24 /* NewsSourceViewController.swift */ = {isa = PBXFileReference; lastKnownFileType = sourcecode.swift; path = NewsSourceViewController.swift; sourceTree = "<group>"; };
		13131EE42B736DB6001D5A24 /* NewsSourceViewController.xib */ = {isa = PBXFileReference; lastKnownFileType = file.xib; path = NewsSourceViewController.xib; sourceTree = "<group>"; };
		13131EE82B736E14001D5A24 /* NewsArticlesViewController.swift */ = {isa = PBXFileReference; lastKnownFileType = sourcecode.swift; path = NewsArticlesViewController.swift; sourceTree = "<group>"; };
		13131EE92B736E14001D5A24 /* NewsArticlesViewController.xib */ = {isa = PBXFileReference; lastKnownFileType = file.xib; path = NewsArticlesViewController.xib; sourceTree = "<group>"; };
		13131EEC2B736E2B001D5A24 /* ArticleDetailViewController.swift */ = {isa = PBXFileReference; lastKnownFileType = sourcecode.swift; path = ArticleDetailViewController.swift; sourceTree = "<group>"; };
		13131EED2B736E2B001D5A24 /* ArticleDetailViewController.xib */ = {isa = PBXFileReference; lastKnownFileType = file.xib; path = ArticleDetailViewController.xib; sourceTree = "<group>"; };
		13131EF02B736EB9001D5A24 /* NewsSourcePresenter.swift */ = {isa = PBXFileReference; lastKnownFileType = sourcecode.swift; path = NewsSourcePresenter.swift; sourceTree = "<group>"; };
		13131EF22B736EC9001D5A24 /* NewsSourceInteractor.swift */ = {isa = PBXFileReference; lastKnownFileType = sourcecode.swift; path = NewsSourceInteractor.swift; sourceTree = "<group>"; };
		13131EF42B736ED1001D5A24 /* NewsSourceRouter.swift */ = {isa = PBXFileReference; lastKnownFileType = sourcecode.swift; path = NewsSourceRouter.swift; sourceTree = "<group>"; };
		13131EF62B736EE3001D5A24 /* NewsArticlesPresenter.swift */ = {isa = PBXFileReference; lastKnownFileType = sourcecode.swift; path = NewsArticlesPresenter.swift; sourceTree = "<group>"; };
		13131EF82B736EF1001D5A24 /* NewsArticlesInteractor.swift */ = {isa = PBXFileReference; lastKnownFileType = sourcecode.swift; path = NewsArticlesInteractor.swift; sourceTree = "<group>"; };
		13131EFA2B736EF8001D5A24 /* NewsArticlesRouter.swift */ = {isa = PBXFileReference; lastKnownFileType = sourcecode.swift; path = NewsArticlesRouter.swift; sourceTree = "<group>"; };
		13131EFC2B736F0D001D5A24 /* ArticleDetailPresenter.swift */ = {isa = PBXFileReference; lastKnownFileType = sourcecode.swift; path = ArticleDetailPresenter.swift; sourceTree = "<group>"; };
		13131EFE2B736F18001D5A24 /* ArticleDetailInteractor.swift */ = {isa = PBXFileReference; lastKnownFileType = sourcecode.swift; path = ArticleDetailInteractor.swift; sourceTree = "<group>"; };
		13131F002B736F20001D5A24 /* ArticleDetailRouter.swift */ = {isa = PBXFileReference; lastKnownFileType = sourcecode.swift; path = ArticleDetailRouter.swift; sourceTree = "<group>"; };
		13131F022B738A79001D5A24 /* CustomBottomSheetView.swift */ = {isa = PBXFileReference; lastKnownFileType = sourcecode.swift; path = CustomBottomSheetView.swift; sourceTree = "<group>"; };
		13131F042B738C89001D5A24 /* CategoriesEnum.swift */ = {isa = PBXFileReference; lastKnownFileType = sourcecode.swift; path = CategoriesEnum.swift; sourceTree = "<group>"; };
		13131F072B738E99001D5A24 /* CategoriesTableViewCell.swift */ = {isa = PBXFileReference; lastKnownFileType = sourcecode.swift; path = CategoriesTableViewCell.swift; sourceTree = "<group>"; };
		13131F082B738E99001D5A24 /* CategoriesTableViewCell.xib */ = {isa = PBXFileReference; lastKnownFileType = file.xib; path = CategoriesTableViewCell.xib; sourceTree = "<group>"; };
		13131F0B2B73B94C001D5A24 /* NewsSourcesModel.swift */ = {isa = PBXFileReference; lastKnownFileType = sourcecode.swift; path = NewsSourcesModel.swift; sourceTree = "<group>"; };
		13131F0D2B73B9B5001D5A24 /* NewsArticlesModel.swift */ = {isa = PBXFileReference; lastKnownFileType = sourcecode.swift; path = NewsArticlesModel.swift; sourceTree = "<group>"; };
		13131F0F2B73C71D001D5A24 /* CustomAlert.swift */ = {isa = PBXFileReference; lastKnownFileType = sourcecode.swift; path = CustomAlert.swift; sourceTree = "<group>"; };
		13131F122B73D4F5001D5A24 /* NewSourceTableViewCell.swift */ = {isa = PBXFileReference; lastKnownFileType = sourcecode.swift; path = NewSourceTableViewCell.swift; sourceTree = "<group>"; };
		13131F132B73D4F5001D5A24 /* NewSourceTableViewCell.xib */ = {isa = PBXFileReference; lastKnownFileType = file.xib; path = NewSourceTableViewCell.xib; sourceTree = "<group>"; };
		13131F172B73D616001D5A24 /* NewsArticleTableViewCell.swift */ = {isa = PBXFileReference; lastKnownFileType = sourcecode.swift; path = NewsArticleTableViewCell.swift; sourceTree = "<group>"; };
		13131F182B73D616001D5A24 /* NewsArticleTableViewCell.xib */ = {isa = PBXFileReference; lastKnownFileType = file.xib; path = NewsArticleTableViewCell.xib; sourceTree = "<group>"; };
		13B9DE422B7084E7003A3201 /* NewsApp.app */ = {isa = PBXFileReference; explicitFileType = wrapper.application; includeInIndex = 0; path = NewsApp.app; sourceTree = BUILT_PRODUCTS_DIR; };
		13B9DE452B7084E7003A3201 /* AppDelegate.swift */ = {isa = PBXFileReference; lastKnownFileType = sourcecode.swift; path = AppDelegate.swift; sourceTree = "<group>"; };
		13B9DE472B7084E7003A3201 /* SceneDelegate.swift */ = {isa = PBXFileReference; lastKnownFileType = sourcecode.swift; path = SceneDelegate.swift; sourceTree = "<group>"; };
		13B9DE492B7084E7003A3201 /* DefaultController.swift */ = {isa = PBXFileReference; lastKnownFileType = sourcecode.swift; path = DefaultController.swift; sourceTree = "<group>"; };
		13B9DE4C2B7084E7003A3201 /* Base */ = {isa = PBXFileReference; lastKnownFileType = file.storyboard; name = Base; path = Base.lproj/Main.storyboard; sourceTree = "<group>"; };
		13B9DE4E2B7084E8003A3201 /* Assets.xcassets */ = {isa = PBXFileReference; lastKnownFileType = folder.assetcatalog; path = Assets.xcassets; sourceTree = "<group>"; };
		13B9DE512B7084E8003A3201 /* Base */ = {isa = PBXFileReference; lastKnownFileType = file.storyboard; name = Base; path = Base.lproj/LaunchScreen.storyboard; sourceTree = "<group>"; };
		13B9DE532B7084E8003A3201 /* Info.plist */ = {isa = PBXFileReference; lastKnownFileType = text.plist.xml; path = Info.plist; sourceTree = "<group>"; };
		54DF6A7309717BFE2B3DCA76 /* Pods_NewsApp.framework */ = {isa = PBXFileReference; explicitFileType = wrapper.framework; includeInIndex = 0; path = Pods_NewsApp.framework; sourceTree = BUILT_PRODUCTS_DIR; };
		6E03BCBE831B6850B0C580D0 /* Pods-NewsApp.release.xcconfig */ = {isa = PBXFileReference; includeInIndex = 1; lastKnownFileType = text.xcconfig; name = "Pods-NewsApp.release.xcconfig"; path = "Target Support Files/Pods-NewsApp/Pods-NewsApp.release.xcconfig"; sourceTree = "<group>"; };
		DCEE96AE3A59B8361F56F98C /* Pods-NewsApp.debug.xcconfig */ = {isa = PBXFileReference; includeInIndex = 1; lastKnownFileType = text.xcconfig; name = "Pods-NewsApp.debug.xcconfig"; path = "Target Support Files/Pods-NewsApp/Pods-NewsApp.debug.xcconfig"; sourceTree = "<group>"; };
/* End PBXFileReference section */

/* Begin PBXFrameworksBuildPhase section */
		13B9DE3F2B7084E7003A3201 /* Frameworks */ = {
			isa = PBXFrameworksBuildPhase;
			buildActionMask = 2147483647;
			files = (
				FFD3B5FEAEBC2013CA4B81C2 /* Pods_NewsApp.framework in Frameworks */,
			);
			runOnlyForDeploymentPostprocessing = 0;
		};
/* End PBXFrameworksBuildPhase section */

/* Begin PBXGroup section */
		11D627173B7D543D417E7ACC /* Frameworks */ = {
			isa = PBXGroup;
			children = (
				54DF6A7309717BFE2B3DCA76 /* Pods_NewsApp.framework */,
			);
			name = Frameworks;
			sourceTree = "<group>";
		};
		13131EB02B70867F001D5A24 /* Common */ = {
			isa = PBXGroup;
			children = (
				13131EB52B7086EB001D5A24 /* Extensions */,
				13131EB42B7086D1001D5A24 /* Utilities */,
			);
			path = Common;
			sourceTree = "<group>";
		};
		13131EB12B70868B001D5A24 /* Services */ = {
			isa = PBXGroup;
			children = (
				13131EBC2B70877B001D5A24 /* APIService.swift */,
				13131EBE2B7087BF001D5A24 /* Endpoint.swift */,
			);
			path = Services;
			sourceTree = "<group>";
		};
		13131EB22B70869F001D5A24 /* Scenes */ = {
			isa = PBXGroup;
			children = (
				13131ED62B736B4A001D5A24 /* ArticleDetail */,
				13131ED52B736B2C001D5A24 /* NewsArticles */,
				13131ED42B736B10001D5A24 /* NewsSources */,
				13131EC52B70CFFA001D5A24 /* Categories */,
				13131EC02B708818001D5A24 /* Shared */,
			);
			path = Scenes;
			sourceTree = "<group>";
		};
		13131EB32B7086B5001D5A24 /* Models */ = {
			isa = PBXGroup;
			children = (
				13131F0B2B73B94C001D5A24 /* NewsSourcesModel.swift */,
				13131F0D2B73B9B5001D5A24 /* NewsArticlesModel.swift */,
			);
			path = Models;
			sourceTree = "<group>";
		};
		13131EB42B7086D1001D5A24 /* Utilities */ = {
			isa = PBXGroup;
			children = (
				13131EB62B7086FC001D5A24 /* Constants.swift */,
				13131F022B738A79001D5A24 /* CustomBottomSheetView.swift */,
				13131F042B738C89001D5A24 /* CategoriesEnum.swift */,
				13131F0F2B73C71D001D5A24 /* CustomAlert.swift */,
			);
			path = Utilities;
			sourceTree = "<group>";
		};
		13131EB52B7086EB001D5A24 /* Extensions */ = {
			isa = PBXGroup;
			children = (
				13131EB82B708712001D5A24 /* Extension+String.swift */,
				13131EBA2B708724001D5A24 /* Extension+UITableView.swift */,
			);
			path = Extensions;
			sourceTree = "<group>";
		};
		13131EC02B708818001D5A24 /* Shared */ = {
			isa = PBXGroup;
			children = (
				13131EC12B708829001D5A24 /* ModuleConfigurator.swift */,
			);
			path = Shared;
			sourceTree = "<group>";
		};
		13131EC32B708862001D5A24 /* App */ = {
			isa = PBXGroup;
			children = (
				13B9DE452B7084E7003A3201 /* AppDelegate.swift */,
				13B9DE472B7084E7003A3201 /* SceneDelegate.swift */,
				13B9DE492B7084E7003A3201 /* DefaultController.swift */,
			);
			path = App;
			sourceTree = "<group>";
		};
		13131EC42B70888B001D5A24 /* Resources */ = {
			isa = PBXGroup;
			children = (
				13B9DE4B2B7084E7003A3201 /* Main.storyboard */,
				13B9DE4E2B7084E8003A3201 /* Assets.xcassets */,
				13B9DE502B7084E8003A3201 /* LaunchScreen.storyboard */,
			);
			path = Resources;
			sourceTree = "<group>";
		};
		13131EC52B70CFFA001D5A24 /* Categories */ = {
			isa = PBXGroup;
			children = (
				13131EC92B70D037001D5A24 /* Router */,
				13131EC82B70D02F001D5A24 /* Interactor */,
				13131EC72B70D024001D5A24 /* Presenter */,
				13131EC62B70D01F001D5A24 /* View */,
			);
			path = Categories;
			sourceTree = "<group>";
		};
		13131EC62B70D01F001D5A24 /* View */ = {
			isa = PBXGroup;
			children = (
				13131F062B738E29001D5A24 /* Cells */,
				13131ECA2B70D067001D5A24 /* CategoriesViewController.swift */,
				13131ECB2B70D067001D5A24 /* CategoriesViewController.xib */,
			);
			path = View;
			sourceTree = "<group>";
		};
		13131EC72B70D024001D5A24 /* Presenter */ = {
			isa = PBXGroup;
			children = (
				13131ECE2B70D08B001D5A24 /* CategoriesPresenter.swift */,
			);
			path = Presenter;
			sourceTree = "<group>";
		};
		13131EC82B70D02F001D5A24 /* Interactor */ = {
			isa = PBXGroup;
			children = (
				13131ED02B70D09B001D5A24 /* CategoriesInteractor.swift */,
			);
			path = Interactor;
			sourceTree = "<group>";
		};
		13131EC92B70D037001D5A24 /* Router */ = {
			isa = PBXGroup;
			children = (
				13131ED22B732C27001D5A24 /* CategoriesRouter.swift */,
			);
			path = Router;
			sourceTree = "<group>";
		};
		13131ED42B736B10001D5A24 /* NewsSources */ = {
			isa = PBXGroup;
			children = (
				13131EDA2B736D1D001D5A24 /* Router */,
				13131ED92B736D13001D5A24 /* Interactor */,
				13131ED82B736D09001D5A24 /* Presenter */,
				13131ED72B736D03001D5A24 /* View */,
			);
			path = NewsSources;
			sourceTree = "<group>";
		};
		13131ED52B736B2C001D5A24 /* NewsArticles */ = {
			isa = PBXGroup;
			children = (
				13131EDE2B736D70001D5A24 /* Router */,
				13131EDD2B736D36001D5A24 /* Interactor */,
				13131EDC2B736D2D001D5A24 /* Presenter */,
				13131EDB2B736D27001D5A24 /* View */,
			);
			path = NewsArticles;
			sourceTree = "<group>";
		};
		13131ED62B736B4A001D5A24 /* ArticleDetail */ = {
			isa = PBXGroup;
			children = (
				13131EE22B736D88001D5A24 /* Router */,
				13131EE12B736D7F001D5A24 /* Interactor */,
				13131EE02B736D7A001D5A24 /* Presenter */,
				13131EDF2B736D77001D5A24 /* View */,
			);
			path = ArticleDetail;
			sourceTree = "<group>";
		};
		13131ED72B736D03001D5A24 /* View */ = {
			isa = PBXGroup;
			children = (
				13131F112B73D4DE001D5A24 /* Cells */,
				13131EE32B736DB6001D5A24 /* NewsSourceViewController.swift */,
				13131EE42B736DB6001D5A24 /* NewsSourceViewController.xib */,
			);
			path = View;
			sourceTree = "<group>";
		};
		13131ED82B736D09001D5A24 /* Presenter */ = {
			isa = PBXGroup;
			children = (
				13131EF02B736EB9001D5A24 /* NewsSourcePresenter.swift */,
			);
			path = Presenter;
			sourceTree = "<group>";
		};
		13131ED92B736D13001D5A24 /* Interactor */ = {
			isa = PBXGroup;
			children = (
				13131EF22B736EC9001D5A24 /* NewsSourceInteractor.swift */,
			);
			path = Interactor;
			sourceTree = "<group>";
		};
		13131EDA2B736D1D001D5A24 /* Router */ = {
			isa = PBXGroup;
			children = (
				13131EF42B736ED1001D5A24 /* NewsSourceRouter.swift */,
			);
			path = Router;
			sourceTree = "<group>";
		};
		13131EDB2B736D27001D5A24 /* View */ = {
			isa = PBXGroup;
			children = (
				13131F162B73D603001D5A24 /* Cells */,
				13131EE82B736E14001D5A24 /* NewsArticlesViewController.swift */,
				13131EE92B736E14001D5A24 /* NewsArticlesViewController.xib */,
			);
			path = View;
			sourceTree = "<group>";
		};
		13131EDC2B736D2D001D5A24 /* Presenter */ = {
			isa = PBXGroup;
			children = (
				13131EF62B736EE3001D5A24 /* NewsArticlesPresenter.swift */,
			);
			path = Presenter;
			sourceTree = "<group>";
		};
		13131EDD2B736D36001D5A24 /* Interactor */ = {
			isa = PBXGroup;
			children = (
				13131EF82B736EF1001D5A24 /* NewsArticlesInteractor.swift */,
			);
			path = Interactor;
			sourceTree = "<group>";
		};
		13131EDE2B736D70001D5A24 /* Router */ = {
			isa = PBXGroup;
			children = (
				13131EFA2B736EF8001D5A24 /* NewsArticlesRouter.swift */,
			);
			path = Router;
			sourceTree = "<group>";
		};
		13131EDF2B736D77001D5A24 /* View */ = {
			isa = PBXGroup;
			children = (
				13131EEC2B736E2B001D5A24 /* ArticleDetailViewController.swift */,
				13131EED2B736E2B001D5A24 /* ArticleDetailViewController.xib */,
			);
			path = View;
			sourceTree = "<group>";
		};
		13131EE02B736D7A001D5A24 /* Presenter */ = {
			isa = PBXGroup;
			children = (
				13131EFC2B736F0D001D5A24 /* ArticleDetailPresenter.swift */,
			);
			path = Presenter;
			sourceTree = "<group>";
		};
		13131EE12B736D7F001D5A24 /* Interactor */ = {
			isa = PBXGroup;
			children = (
				13131EFE2B736F18001D5A24 /* ArticleDetailInteractor.swift */,
			);
			path = Interactor;
			sourceTree = "<group>";
		};
		13131EE22B736D88001D5A24 /* Router */ = {
			isa = PBXGroup;
			children = (
				13131F002B736F20001D5A24 /* ArticleDetailRouter.swift */,
			);
			path = Router;
			sourceTree = "<group>";
		};
		13131F062B738E29001D5A24 /* Cells */ = {
			isa = PBXGroup;
			children = (
				13131F072B738E99001D5A24 /* CategoriesTableViewCell.swift */,
				13131F082B738E99001D5A24 /* CategoriesTableViewCell.xib */,
			);
			path = Cells;
			sourceTree = "<group>";
		};
		13131F112B73D4DE001D5A24 /* Cells */ = {
			isa = PBXGroup;
			children = (
				13131F122B73D4F5001D5A24 /* NewSourceTableViewCell.swift */,
				13131F132B73D4F5001D5A24 /* NewSourceTableViewCell.xib */,
			);
			path = Cells;
			sourceTree = "<group>";
		};
		13131F162B73D603001D5A24 /* Cells */ = {
			isa = PBXGroup;
			children = (
				13131F172B73D616001D5A24 /* NewsArticleTableViewCell.swift */,
				13131F182B73D616001D5A24 /* NewsArticleTableViewCell.xib */,
			);
			path = Cells;
			sourceTree = "<group>";
		};
		13B9DE392B7084E7003A3201 = {
			isa = PBXGroup;
			children = (
				13B9DE442B7084E7003A3201 /* NewsApp */,
				13B9DE432B7084E7003A3201 /* Products */,
				82429C92DAB372F20A6EA214 /* Pods */,
				11D627173B7D543D417E7ACC /* Frameworks */,
			);
			sourceTree = "<group>";
		};
		13B9DE432B7084E7003A3201 /* Products */ = {
			isa = PBXGroup;
			children = (
				13B9DE422B7084E7003A3201 /* NewsApp.app */,
			);
			name = Products;
			sourceTree = "<group>";
		};
		13B9DE442B7084E7003A3201 /* NewsApp */ = {
			isa = PBXGroup;
			children = (
				13131EC32B708862001D5A24 /* App */,
				13131EB02B70867F001D5A24 /* Common */,
				13131EB12B70868B001D5A24 /* Services */,
				13131EB32B7086B5001D5A24 /* Models */,
				13131EB22B70869F001D5A24 /* Scenes */,
				13131EC42B70888B001D5A24 /* Resources */,
				13B9DE532B7084E8003A3201 /* Info.plist */,
			);
			path = NewsApp;
			sourceTree = "<group>";
		};
		82429C92DAB372F20A6EA214 /* Pods */ = {
			isa = PBXGroup;
			children = (
				DCEE96AE3A59B8361F56F98C /* Pods-NewsApp.debug.xcconfig */,
				6E03BCBE831B6850B0C580D0 /* Pods-NewsApp.release.xcconfig */,
			);
			path = Pods;
			sourceTree = "<group>";
		};
/* End PBXGroup section */

/* Begin PBXNativeTarget section */
		13B9DE412B7084E7003A3201 /* NewsApp */ = {
			isa = PBXNativeTarget;
			buildConfigurationList = 13B9DE562B7084E8003A3201 /* Build configuration list for PBXNativeTarget "NewsApp" */;
			buildPhases = (
				C02E118CF9AE83C3016D29B7 /* [CP] Check Pods Manifest.lock */,
				13B9DE3E2B7084E7003A3201 /* Sources */,
				13B9DE3F2B7084E7003A3201 /* Frameworks */,
				13B9DE402B7084E7003A3201 /* Resources */,
				F441CA68BE3B46C5635B6240 /* [CP] Embed Pods Frameworks */,
			);
			buildRules = (
			);
			dependencies = (
			);
			name = NewsApp;
			productName = NewsApp;
			productReference = 13B9DE422B7084E7003A3201 /* NewsApp.app */;
			productType = "com.apple.product-type.application";
		};
/* End PBXNativeTarget section */

/* Begin PBXProject section */
		13B9DE3A2B7084E7003A3201 /* Project object */ = {
			isa = PBXProject;
			attributes = {
				BuildIndependentTargetsInParallel = 1;
				LastSwiftUpdateCheck = 1510;
				LastUpgradeCheck = 1510;
				TargetAttributes = {
					13B9DE412B7084E7003A3201 = {
						CreatedOnToolsVersion = 15.1;
					};
				};
			};
			buildConfigurationList = 13B9DE3D2B7084E7003A3201 /* Build configuration list for PBXProject "NewsApp" */;
			compatibilityVersion = "Xcode 14.0";
			developmentRegion = en;
			hasScannedForEncodings = 0;
			knownRegions = (
				en,
				Base,
			);
			mainGroup = 13B9DE392B7084E7003A3201;
			productRefGroup = 13B9DE432B7084E7003A3201 /* Products */;
			projectDirPath = "";
			projectRoot = "";
			targets = (
				13B9DE412B7084E7003A3201 /* NewsApp */,
			);
		};
/* End PBXProject section */

/* Begin PBXResourcesBuildPhase section */
		13B9DE402B7084E7003A3201 /* Resources */ = {
			isa = PBXResourcesBuildPhase;
			buildActionMask = 2147483647;
			files = (
				13131F152B73D4F5001D5A24 /* NewSourceTableViewCell.xib in Resources */,
				13131EEF2B736E2B001D5A24 /* ArticleDetailViewController.xib in Resources */,
				13B9DE522B7084E8003A3201 /* LaunchScreen.storyboard in Resources */,
				13B9DE4F2B7084E8003A3201 /* Assets.xcassets in Resources */,
				13131EEB2B736E14001D5A24 /* NewsArticlesViewController.xib in Resources */,
				13131ECD2B70D067001D5A24 /* CategoriesViewController.xib in Resources */,
				13131F0A2B738E99001D5A24 /* CategoriesTableViewCell.xib in Resources */,
				13131F1A2B73D616001D5A24 /* NewsArticleTableViewCell.xib in Resources */,
				13B9DE4D2B7084E7003A3201 /* Main.storyboard in Resources */,
				13131EE62B736DB6001D5A24 /* NewsSourceViewController.xib in Resources */,
			);
			runOnlyForDeploymentPostprocessing = 0;
		};
/* End PBXResourcesBuildPhase section */

/* Begin PBXShellScriptBuildPhase section */
		C02E118CF9AE83C3016D29B7 /* [CP] Check Pods Manifest.lock */ = {
			isa = PBXShellScriptBuildPhase;
			buildActionMask = 2147483647;
			files = (
			);
			inputFileListPaths = (
			);
			inputPaths = (
				"${PODS_PODFILE_DIR_PATH}/Podfile.lock",
				"${PODS_ROOT}/Manifest.lock",
			);
			name = "[CP] Check Pods Manifest.lock";
			outputFileListPaths = (
			);
			outputPaths = (
				"$(DERIVED_FILE_DIR)/Pods-NewsApp-checkManifestLockResult.txt",
			);
			runOnlyForDeploymentPostprocessing = 0;
			shellPath = /bin/sh;
			shellScript = "diff \"${PODS_PODFILE_DIR_PATH}/Podfile.lock\" \"${PODS_ROOT}/Manifest.lock\" > /dev/null\nif [ $? != 0 ] ; then\n    # print error to STDERR\n    echo \"error: The sandbox is not in sync with the Podfile.lock. Run 'pod install' or update your CocoaPods installation.\" >&2\n    exit 1\nfi\n# This output is used by Xcode 'outputs' to avoid re-running this script phase.\necho \"SUCCESS\" > \"${SCRIPT_OUTPUT_FILE_0}\"\n";
			showEnvVarsInLog = 0;
		};
		F441CA68BE3B46C5635B6240 /* [CP] Embed Pods Frameworks */ = {
			isa = PBXShellScriptBuildPhase;
			buildActionMask = 2147483647;
			files = (
			);
			inputFileListPaths = (
				"${PODS_ROOT}/Target Support Files/Pods-NewsApp/Pods-NewsApp-frameworks-${CONFIGURATION}-input-files.xcfilelist",
			);
			name = "[CP] Embed Pods Frameworks";
			outputFileListPaths = (
				"${PODS_ROOT}/Target Support Files/Pods-NewsApp/Pods-NewsApp-frameworks-${CONFIGURATION}-output-files.xcfilelist",
			);
			runOnlyForDeploymentPostprocessing = 0;
			shellPath = /bin/sh;
			shellScript = "\"${PODS_ROOT}/Target Support Files/Pods-NewsApp/Pods-NewsApp-frameworks.sh\"\n";
			showEnvVarsInLog = 0;
		};
/* End PBXShellScriptBuildPhase section */

/* Begin PBXSourcesBuildPhase section */
		13B9DE3E2B7084E7003A3201 /* Sources */ = {
			isa = PBXSourcesBuildPhase;
			buildActionMask = 2147483647;
			files = (
				13131EC22B708829001D5A24 /* ModuleConfigurator.swift in Sources */,
				13131ECF2B70D08B001D5A24 /* CategoriesPresenter.swift in Sources */,
				13131EB92B708712001D5A24 /* Extension+String.swift in Sources */,
				13131EF12B736EB9001D5A24 /* NewsSourcePresenter.swift in Sources */,
				13131F012B736F20001D5A24 /* ArticleDetailRouter.swift in Sources */,
				13131F092B738E99001D5A24 /* CategoriesTableViewCell.swift in Sources */,
				13131EF52B736ED1001D5A24 /* NewsSourceRouter.swift in Sources */,
				13131EF92B736EF1001D5A24 /* NewsArticlesInteractor.swift in Sources */,
				13131F052B738C89001D5A24 /* CategoriesEnum.swift in Sources */,
				13131F0E2B73B9B5001D5A24 /* NewsArticlesModel.swift in Sources */,
				13131F192B73D616001D5A24 /* NewsArticleTableViewCell.swift in Sources */,
				13131EFB2B736EF8001D5A24 /* NewsArticlesRouter.swift in Sources */,
				13131EFD2B736F0D001D5A24 /* ArticleDetailPresenter.swift in Sources */,
				13131EBD2B70877B001D5A24 /* APIService.swift in Sources */,
				13131EBF2B7087BF001D5A24 /* Endpoint.swift in Sources */,
				13131ED32B732C27001D5A24 /* CategoriesRouter.swift in Sources */,
				13131EEE2B736E2B001D5A24 /* ArticleDetailViewController.swift in Sources */,
				13131EBB2B708724001D5A24 /* Extension+UITableView.swift in Sources */,
				13131F032B738A79001D5A24 /* CustomBottomSheetView.swift in Sources */,
				13B9DE4A2B7084E7003A3201 /* DefaultController.swift in Sources */,
				13131EE52B736DB6001D5A24 /* NewsSourceViewController.swift in Sources */,
				13B9DE462B7084E7003A3201 /* AppDelegate.swift in Sources */,
				13131F142B73D4F5001D5A24 /* NewSourceTableViewCell.swift in Sources */,
				13131EFF2B736F18001D5A24 /* ArticleDetailInteractor.swift in Sources */,
				13131EF32B736EC9001D5A24 /* NewsSourceInteractor.swift in Sources */,
				13131EF72B736EE3001D5A24 /* NewsArticlesPresenter.swift in Sources */,
				13131F102B73C71D001D5A24 /* CustomAlert.swift in Sources */,
				13131EEA2B736E14001D5A24 /* NewsArticlesViewController.swift in Sources */,
				13131F0C2B73B94C001D5A24 /* NewsSourcesModel.swift in Sources */,
				13B9DE482B7084E7003A3201 /* SceneDelegate.swift in Sources */,
				13131EB72B7086FD001D5A24 /* Constants.swift in Sources */,
				13131ECC2B70D067001D5A24 /* CategoriesViewController.swift in Sources */,
				13131ED12B70D09B001D5A24 /* CategoriesInteractor.swift in Sources */,
			);
			runOnlyForDeploymentPostprocessing = 0;
		};
/* End PBXSourcesBuildPhase section */

/* Begin PBXVariantGroup section */
		13B9DE4B2B7084E7003A3201 /* Main.storyboard */ = {
			isa = PBXVariantGroup;
			children = (
				13B9DE4C2B7084E7003A3201 /* Base */,
			);
			name = Main.storyboard;
			sourceTree = "<group>";
		};
		13B9DE502B7084E8003A3201 /* LaunchScreen.storyboard */ = {
			isa = PBXVariantGroup;
			children = (
				13B9DE512B7084E8003A3201 /* Base */,
			);
			name = LaunchScreen.storyboard;
			sourceTree = "<group>";
		};
/* End PBXVariantGroup section */

/* Begin XCBuildConfiguration section */
		13B9DE542B7084E8003A3201 /* Debug */ = {
			isa = XCBuildConfiguration;
			buildSettings = {
				ALWAYS_SEARCH_USER_PATHS = NO;
				ASSETCATALOG_COMPILER_GENERATE_SWIFT_ASSET_SYMBOL_EXTENSIONS = YES;
				CLANG_ANALYZER_NONNULL = YES;
				CLANG_ANALYZER_NUMBER_OBJECT_CONVERSION = YES_AGGRESSIVE;
				CLANG_CXX_LANGUAGE_STANDARD = "gnu++20";
				CLANG_ENABLE_MODULES = YES;
				CLANG_ENABLE_OBJC_ARC = YES;
				CLANG_ENABLE_OBJC_WEAK = YES;
				CLANG_WARN_BLOCK_CAPTURE_AUTORELEASING = YES;
				CLANG_WARN_BOOL_CONVERSION = YES;
				CLANG_WARN_COMMA = YES;
				CLANG_WARN_CONSTANT_CONVERSION = YES;
				CLANG_WARN_DEPRECATED_OBJC_IMPLEMENTATIONS = YES;
				CLANG_WARN_DIRECT_OBJC_ISA_USAGE = YES_ERROR;
				CLANG_WARN_DOCUMENTATION_COMMENTS = YES;
				CLANG_WARN_EMPTY_BODY = YES;
				CLANG_WARN_ENUM_CONVERSION = YES;
				CLANG_WARN_INFINITE_RECURSION = YES;
				CLANG_WARN_INT_CONVERSION = YES;
				CLANG_WARN_NON_LITERAL_NULL_CONVERSION = YES;
				CLANG_WARN_OBJC_IMPLICIT_RETAIN_SELF = YES;
				CLANG_WARN_OBJC_LITERAL_CONVERSION = YES;
				CLANG_WARN_OBJC_ROOT_CLASS = YES_ERROR;
				CLANG_WARN_QUOTED_INCLUDE_IN_FRAMEWORK_HEADER = YES;
				CLANG_WARN_RANGE_LOOP_ANALYSIS = YES;
				CLANG_WARN_STRICT_PROTOTYPES = YES;
				CLANG_WARN_SUSPICIOUS_MOVE = YES;
				CLANG_WARN_UNGUARDED_AVAILABILITY = YES_AGGRESSIVE;
				CLANG_WARN_UNREACHABLE_CODE = YES;
				CLANG_WARN__DUPLICATE_METHOD_MATCH = YES;
				COPY_PHASE_STRIP = NO;
				DEBUG_INFORMATION_FORMAT = dwarf;
				ENABLE_STRICT_OBJC_MSGSEND = YES;
				ENABLE_TESTABILITY = YES;
				ENABLE_USER_SCRIPT_SANDBOXING = NO;
				GCC_C_LANGUAGE_STANDARD = gnu17;
				GCC_DYNAMIC_NO_PIC = NO;
				GCC_NO_COMMON_BLOCKS = YES;
				GCC_OPTIMIZATION_LEVEL = 0;
				GCC_PREPROCESSOR_DEFINITIONS = (
					"DEBUG=1",
					"$(inherited)",
				);
				GCC_WARN_64_TO_32_BIT_CONVERSION = YES;
				GCC_WARN_ABOUT_RETURN_TYPE = YES_ERROR;
				GCC_WARN_UNDECLARED_SELECTOR = YES;
				GCC_WARN_UNINITIALIZED_AUTOS = YES_AGGRESSIVE;
				GCC_WARN_UNUSED_FUNCTION = YES;
				GCC_WARN_UNUSED_VARIABLE = YES;
				IPHONEOS_DEPLOYMENT_TARGET = 17.2;
				LOCALIZATION_PREFERS_STRING_CATALOGS = YES;
				MTL_ENABLE_DEBUG_INFO = INCLUDE_SOURCE;
				MTL_FAST_MATH = YES;
				ONLY_ACTIVE_ARCH = YES;
				SDKROOT = iphoneos;
				SWIFT_ACTIVE_COMPILATION_CONDITIONS = "DEBUG $(inherited)";
				SWIFT_OPTIMIZATION_LEVEL = "-Onone";
			};
			name = Debug;
		};
		13B9DE552B7084E8003A3201 /* Release */ = {
			isa = XCBuildConfiguration;
			buildSettings = {
				ALWAYS_SEARCH_USER_PATHS = NO;
				ASSETCATALOG_COMPILER_GENERATE_SWIFT_ASSET_SYMBOL_EXTENSIONS = YES;
				CLANG_ANALYZER_NONNULL = YES;
				CLANG_ANALYZER_NUMBER_OBJECT_CONVERSION = YES_AGGRESSIVE;
				CLANG_CXX_LANGUAGE_STANDARD = "gnu++20";
				CLANG_ENABLE_MODULES = YES;
				CLANG_ENABLE_OBJC_ARC = YES;
				CLANG_ENABLE_OBJC_WEAK = YES;
				CLANG_WARN_BLOCK_CAPTURE_AUTORELEASING = YES;
				CLANG_WARN_BOOL_CONVERSION = YES;
				CLANG_WARN_COMMA = YES;
				CLANG_WARN_CONSTANT_CONVERSION = YES;
				CLANG_WARN_DEPRECATED_OBJC_IMPLEMENTATIONS = YES;
				CLANG_WARN_DIRECT_OBJC_ISA_USAGE = YES_ERROR;
				CLANG_WARN_DOCUMENTATION_COMMENTS = YES;
				CLANG_WARN_EMPTY_BODY = YES;
				CLANG_WARN_ENUM_CONVERSION = YES;
				CLANG_WARN_INFINITE_RECURSION = YES;
				CLANG_WARN_INT_CONVERSION = YES;
				CLANG_WARN_NON_LITERAL_NULL_CONVERSION = YES;
				CLANG_WARN_OBJC_IMPLICIT_RETAIN_SELF = YES;
				CLANG_WARN_OBJC_LITERAL_CONVERSION = YES;
				CLANG_WARN_OBJC_ROOT_CLASS = YES_ERROR;
				CLANG_WARN_QUOTED_INCLUDE_IN_FRAMEWORK_HEADER = YES;
				CLANG_WARN_RANGE_LOOP_ANALYSIS = YES;
				CLANG_WARN_STRICT_PROTOTYPES = YES;
				CLANG_WARN_SUSPICIOUS_MOVE = YES;
				CLANG_WARN_UNGUARDED_AVAILABILITY = YES_AGGRESSIVE;
				CLANG_WARN_UNREACHABLE_CODE = YES;
				CLANG_WARN__DUPLICATE_METHOD_MATCH = YES;
				COPY_PHASE_STRIP = NO;
				DEBUG_INFORMATION_FORMAT = "dwarf-with-dsym";
				ENABLE_NS_ASSERTIONS = NO;
				ENABLE_STRICT_OBJC_MSGSEND = YES;
				ENABLE_USER_SCRIPT_SANDBOXING = NO;
				GCC_C_LANGUAGE_STANDARD = gnu17;
				GCC_NO_COMMON_BLOCKS = YES;
				GCC_WARN_64_TO_32_BIT_CONVERSION = YES;
				GCC_WARN_ABOUT_RETURN_TYPE = YES_ERROR;
				GCC_WARN_UNDECLARED_SELECTOR = YES;
				GCC_WARN_UNINITIALIZED_AUTOS = YES_AGGRESSIVE;
				GCC_WARN_UNUSED_FUNCTION = YES;
				GCC_WARN_UNUSED_VARIABLE = YES;
				IPHONEOS_DEPLOYMENT_TARGET = 17.2;
				LOCALIZATION_PREFERS_STRING_CATALOGS = YES;
				MTL_ENABLE_DEBUG_INFO = NO;
				MTL_FAST_MATH = YES;
				SDKROOT = iphoneos;
				SWIFT_COMPILATION_MODE = wholemodule;
				VALIDATE_PRODUCT = YES;
			};
			name = Release;
		};
		13B9DE572B7084E8003A3201 /* Debug */ = {
			isa = XCBuildConfiguration;
			baseConfigurationReference = DCEE96AE3A59B8361F56F98C /* Pods-NewsApp.debug.xcconfig */;
			buildSettings = {
				ASSETCATALOG_COMPILER_APPICON_NAME = AppIcon;
				ASSETCATALOG_COMPILER_GLOBAL_ACCENT_COLOR_NAME = AccentColor;
				CODE_SIGN_STYLE = Automatic;
				CURRENT_PROJECT_VERSION = 1;
				DEVELOPMENT_TEAM = HP77R9PHEA;
				GENERATE_INFOPLIST_FILE = YES;
				INFOPLIST_FILE = NewsApp/Info.plist;
				INFOPLIST_KEY_UIApplicationSupportsIndirectInputEvents = YES;
				INFOPLIST_KEY_UILaunchStoryboardName = LaunchScreen;
				INFOPLIST_KEY_UIMainStoryboardFile = Main;
				INFOPLIST_KEY_UISupportedInterfaceOrientations_iPad = "UIInterfaceOrientationPortrait UIInterfaceOrientationPortraitUpsideDown UIInterfaceOrientationLandscapeLeft UIInterfaceOrientationLandscapeRight";
				INFOPLIST_KEY_UISupportedInterfaceOrientations_iPhone = "UIInterfaceOrientationPortrait UIInterfaceOrientationLandscapeLeft UIInterfaceOrientationLandscapeRight";
				IPHONEOS_DEPLOYMENT_TARGET = 15.0;
				LD_RUNPATH_SEARCH_PATHS = (
					"$(inherited)",
					"@executable_path/Frameworks",
				);
				MARKETING_VERSION = 1.0;
				PRODUCT_BUNDLE_IDENTIFIER = jeripm.NewsApp;
				PRODUCT_NAME = "$(TARGET_NAME)";
				SWIFT_EMIT_LOC_STRINGS = YES;
				SWIFT_VERSION = 5.0;
				TARGETED_DEVICE_FAMILY = "1,2";
			};
			name = Debug;
		};
		13B9DE582B7084E8003A3201 /* Release */ = {
			isa = XCBuildConfiguration;
			baseConfigurationReference = 6E03BCBE831B6850B0C580D0 /* Pods-NewsApp.release.xcconfig */;
			buildSettings = {
				ASSETCATALOG_COMPILER_APPICON_NAME = AppIcon;
				ASSETCATALOG_COMPILER_GLOBAL_ACCENT_COLOR_NAME = AccentColor;
				CODE_SIGN_STYLE = Automatic;
				CURRENT_PROJECT_VERSION = 1;
				DEVELOPMENT_TEAM = HP77R9PHEA;
				GENERATE_INFOPLIST_FILE = YES;
				INFOPLIST_FILE = NewsApp/Info.plist;
				INFOPLIST_KEY_UIApplicationSupportsIndirectInputEvents = YES;
				INFOPLIST_KEY_UILaunchStoryboardName = LaunchScreen;
				INFOPLIST_KEY_UIMainStoryboardFile = Main;
				INFOPLIST_KEY_UISupportedInterfaceOrientations_iPad = "UIInterfaceOrientationPortrait UIInterfaceOrientationPortraitUpsideDown UIInterfaceOrientationLandscapeLeft UIInterfaceOrientationLandscapeRight";
				INFOPLIST_KEY_UISupportedInterfaceOrientations_iPhone = "UIInterfaceOrientationPortrait UIInterfaceOrientationLandscapeLeft UIInterfaceOrientationLandscapeRight";
				IPHONEOS_DEPLOYMENT_TARGET = 15.0;
				LD_RUNPATH_SEARCH_PATHS = (
					"$(inherited)",
					"@executable_path/Frameworks",
				);
				MARKETING_VERSION = 1.0;
				PRODUCT_BUNDLE_IDENTIFIER = jeripm.NewsApp;
				PRODUCT_NAME = "$(TARGET_NAME)";
				SWIFT_EMIT_LOC_STRINGS = YES;
				SWIFT_VERSION = 5.0;
				TARGETED_DEVICE_FAMILY = "1,2";
			};
			name = Release;
		};
/* End XCBuildConfiguration section */

/* Begin XCConfigurationList section */
		13B9DE3D2B7084E7003A3201 /* Build configuration list for PBXProject "NewsApp" */ = {
			isa = XCConfigurationList;
			buildConfigurations = (
				13B9DE542B7084E8003A3201 /* Debug */,
				13B9DE552B7084E8003A3201 /* Release */,
			);
			defaultConfigurationIsVisible = 0;
			defaultConfigurationName = Release;
		};
		13B9DE562B7084E8003A3201 /* Build configuration list for PBXNativeTarget "NewsApp" */ = {
			isa = XCConfigurationList;
			buildConfigurations = (
				13B9DE572B7084E8003A3201 /* Debug */,
				13B9DE582B7084E8003A3201 /* Release */,
			);
			defaultConfigurationIsVisible = 0;
			defaultConfigurationName = Release;
		};
/* End XCConfigurationList section */
	};
	rootObject = 13B9DE3A2B7084E7003A3201 /* Project object */;
}
